
Microsoft Visual Studio Solution File, Format Version 11.00
# Visual Studio 2010
Project("{8BC9CEB8-8B4A-11D0-8D11-00A0C91BC942}") = "Axiom Troubleshooter", "Axiom Troubleshooter\Axiom Troubleshooter.vcxproj", "{DB1990DA-6D37-473F-B955-4736C80D5F31}"
EndProject
Global
	GlobalSection(SolutionConfigurationPlatforms) = preSolution
		Debug|Win32 = Debug|Win32
		Release|Win32 = Release|Win32
	EndGlobalSection
	GlobalSection(ProjectConfigurationPlatforms) = postSolution
		{DB1990DA-6D37-473F-B955-4736C80D5F31}.Debug|Win32.ActiveCfg = Debug|Win32
		{DB1990DA-6D37-473F-B955-4736C80D5F31}.Debug|Win32.Build.0 = Debug|Win32
		{DB1990DA-6D37-473F-B955-4736C80D5F31}.Release|Win32.ActiveCfg = Release|Win32
		{DB1990DA-6D37-473F-B955-4736C80D5F31}.Release|Win32.Build.0 = Release|Win32
	EndGlobalSection
	GlobalSection(SolutionProperties) = preSolution
		HideSolutionNode = FALSE
	EndGlobalSection
EndGlobal
