
Microsoft Visual Studio Solution File, Format Version 12.00
# Visual Studio Version 16
VisualStudioVersion = 16.0.31105.61
MinimumVisualStudioVersion = 10.0.40219.1
Project("{9A19103F-16F7-4668-BE54-9A1E7A4F7556}") = "Axiom", "Axiom\Axiom.csproj", "{6AC014C0-8CC1-47A0-9E31-2CF9A5A16885}"
EndProject
Project("{FAE04EC0-301F-11D3-BF4B-00C04F79EFBC}") = "Axiom.Troubleshooter", "Axiom.Troubleshooter\Axiom.Troubleshooter.csproj", "{5D5562E1-7609-46D6-83A9-C13B9E970F76}"
EndProject
Global
	GlobalSection(SolutionConfigurationPlatforms) = preSolution
		Debug|Any CPU = Debug|Any CPU
		Release|Any CPU = Release|Any CPU
	EndGlobalSection
	GlobalSection(ProjectConfigurationPlatforms) = postSolution
		{6AC014C0-8CC1-47A0-9E31-2CF9A5A16885}.Debug|Any CPU.ActiveCfg = Debug|Any CPU
		{6AC014C0-8CC1-47A0-9E31-2CF9A5A16885}.Debug|Any CPU.Build.0 = Debug|Any CPU
		{6AC014C0-8CC1-47A0-9E31-2CF9A5A16885}.Release|Any CPU.ActiveCfg = Release|Any CPU
		{6AC014C0-8CC1-47A0-9E31-2CF9A5A16885}.Release|Any CPU.Build.0 = Release|Any CPU
		{5D5562E1-7609-46D6-83A9-C13B9E970F76}.Debug|Any CPU.ActiveCfg = Debug|Any CPU
		{5D5562E1-7609-46D6-83A9-C13B9E970F76}.Debug|Any CPU.Build.0 = Debug|Any CPU
		{5D5562E1-7609-46D6-83A9-C13B9E970F76}.Release|Any CPU.ActiveCfg = Release|Any CPU
		{5D5562E1-7609-46D6-83A9-C13B9E970F76}.Release|Any CPU.Build.0 = Release|Any CPU
	EndGlobalSection
	GlobalSection(SolutionProperties) = preSolution
		HideSolutionNode = FALSE
	EndGlobalSection
	GlobalSection(ExtensibilityGlobals) = postSolution
		SolutionGuid = {C15AD69F-FF05-48BA-A180-1B6DECCAB547}
	EndGlobalSection
EndGlobal
